{
    "_readme": [
        "This file locks the dependencies of your project to a known state",
        "Read more about it at https://getcomposer.org/doc/01-basic-usage.md#installing-dependencies",
        "This file is @generated automatically"
    ],
    "content-hash": "8828bb16577be105038f5be2c6f5b069",
    "packages": [
        {
            "name": "kmaestro/gtk",
            "version": "0.0.2",
            "source": {
                "type": "git",
                "url": "https://github.com/kmaestro/php-ffi-gtk3.git",
                "reference": "f1e8d651c3365ee9087db81cfc2ab3353f59160b"
            },
            "dist": {
                "type": "zip",
                "url": "https://api.github.com/repos/kmaestro/php-ffi-gtk3/zipball/f1e8d651c3365ee9087db81cfc2ab3353f59160b",
                "reference": "f1e8d651c3365ee9087db81cfc2ab3353f59160b",
                "shasum": ""
            },
            "require": {
                "ext-ffi": "^7.4",
                "php": "^7.4",
                "serafim/ffi-loader": "^1.0"
            },
            "type": "library",
            "autoload": {
                "psr-4": {
                    "Gtk3\\": "src"
                }
            },
            "notification-url": "https://packagist.org/downloads/",
            "license": [
                "MIT"
            ],
            "authors": [
                {
                    "name": "Dima",
                    "email": "polishuk1003@gmail.com"
                }
            ],
            "time": "2020-06-20T18:36:28+00:00"
        },
        {
            "name": "phplrt/lexer-contracts",
            "version": "3.0.0",
            "source": {
                "type": "git",
                "url": "https://github.com/phplrt/lexer-contracts.git",
                "reference": "d4d80ef5043641da765953661520c7facf97efba"
            },
            "dist": {
                "type": "zip",
                "url": "https://api.github.com/repos/phplrt/lexer-contracts/zipball/d4d80ef5043641da765953661520c7facf97efba",
                "reference": "d4d80ef5043641da765953661520c7facf97efba",
                "shasum": ""
            },
            "require": {
                "php": ">=7.4"
            },
            "type": "library",
            "extra": {
                "branch-alias": {
                    "dev-master": "3.1.x-dev"
                }
            },
            "autoload": {
                "psr-4": {
                    "Phplrt\\Contracts\\Lexer\\": "src/"
                }
            },
            "notification-url": "https://packagist.org/downloads/",
            "license": [
                "MIT"
            ],
            "authors": [
                {
                    "name": "Kirill Nesmeyanov",
                    "email": "nesk@xakep.ru"
                }
            ],
            "description": "A set of phplrt lexer abstractions",
            "homepage": "https://github.com/phplrt",
            "keywords": [
                "abstractions",
                "contracts",
                "decoupling",
                "interfaces",
                "interoperability",
                "lexer",
                "parsing",
                "regex",
                "standards",
                "stream",
                "token",
                "tokenizer"
            ],
            "time": "2020-03-05T18:40:32+00:00"
        },
        {
            "name": "serafim/ffi-loader",
            "version": "1.0.7",
            "source": {
                "type": "git",
                "url": "https://github.com/SerafimArts/ffi-loader.git",
                "reference": "2102bca2983c6b2bedcec0327f6a647a036f0f75"
            },
            "dist": {
                "type": "zip",
                "url": "https://api.github.com/repos/SerafimArts/ffi-loader/zipball/2102bca2983c6b2bedcec0327f6a647a036f0f75",
                "reference": "2102bca2983c6b2bedcec0327f6a647a036f0f75",
                "shasum": ""
            },
            "require": {
                "ext-ffi": "*",
                "php": ">=7.4",
                "phplrt/lexer-contracts": "^3.0"
            },
            "require-dev": {
                "phpunit/phpunit": "~9.1",
                "symfony/var-dumper": "~5.0"
            },
            "type": "library",
            "extra": {
                "branch-alias": {
                    "dev-master": "1.0.x-dev"
                }
            },
            "autoload": {
                "psr-4": {
                    "Serafim\\FFILoader\\": "src"
                }
            },
            "notification-url": "https://packagist.org/downloads/",
            "license": [
                "MIT"
            ],
            "description": "FFI libraries loader with simple preprocessor",
            "keywords": [
                "compiler",
                "ffi",
                "loader",
                "parser"
            ],
            "time": "2020-05-23T20:02:02+00:00"
        }
    ],
    "packages-dev": [],
    "aliases": [],
    "minimum-stability": "stable",
    "stability-flags": [],
    "prefer-stable": false,
    "prefer-lowest": false,
    "platform": [],
    "platform-dev": [],
    "plugin-api-version": "1.1.0"
}
